
Microsoft Visual Studio Solution File, Format Version 12.00
# Visual Studio 15
VisualStudioVersion = 15.0.28307.136
MinimumVisualStudioVersion = 10.0.40219.1
Project("{FAE04EC0-301F-11D3-BF4B-00C04F79EFBC}") = "ProjetoOO", "ProjetoOO\ProjetoOO.csproj", "{1F20EF73-9260-4D00-991D-D361F56964A0}"
EndProject
Global
	GlobalSection(SolutionConfigurationPlatforms) = preSolution
		Debug|Any CPU = Debug|Any CPU
		Release|Any CPU = Release|Any CPU
	EndGlobalSection
	GlobalSection(ProjectConfigurationPlatforms) = postSolution
		{1F20EF73-9260-4D00-991D-D361F56964A0}.Debug|Any CPU.ActiveCfg = Debug|Any CPU
		{1F20EF73-9260-4D00-991D-D361F56964A0}.Debug|Any CPU.Build.0 = Debug|Any CPU
		{1F20EF73-9260-4D00-991D-D361F56964A0}.Release|Any CPU.ActiveCfg = Release|Any CPU
		{1F20EF73-9260-4D00-991D-D361F56964A0}.Release|Any CPU.Build.0 = Release|Any CPU
	EndGlobalSection
	GlobalSection(SolutionProperties) = preSolution
		HideSolutionNode = FALSE
	EndGlobalSection
	GlobalSection(ExtensibilityGlobals) = postSolution
		SolutionGuid = {6464670E-1101-42B1-8A6B-E9C6311C7F36}
	EndGlobalSection
EndGlobal
