
Microsoft Visual Studio Solution File, Format Version 12.00
# Visual Studio 15
VisualStudioVersion = 15.0.28307.136
MinimumVisualStudioVersion = 10.0.40219.1
Project("{FAE04EC0-301F-11D3-BF4B-00C04F79EFBC}") = "ProjetoPinturaOO", "ProjetoPinturaOO\ProjetoPinturaOO.csproj", "{475B784F-AC4D-4C41-80F9-5CD54129A805}"
EndProject
Global
	GlobalSection(SolutionConfigurationPlatforms) = preSolution
		Debug|Any CPU = Debug|Any CPU
		Release|Any CPU = Release|Any CPU
	EndGlobalSection
	GlobalSection(ProjectConfigurationPlatforms) = postSolution
		{475B784F-AC4D-4C41-80F9-5CD54129A805}.Debug|Any CPU.ActiveCfg = Debug|Any CPU
		{475B784F-AC4D-4C41-80F9-5CD54129A805}.Debug|Any CPU.Build.0 = Debug|Any CPU
		{475B784F-AC4D-4C41-80F9-5CD54129A805}.Release|Any CPU.ActiveCfg = Release|Any CPU
		{475B784F-AC4D-4C41-80F9-5CD54129A805}.Release|Any CPU.Build.0 = Release|Any CPU
	EndGlobalSection
	GlobalSection(SolutionProperties) = preSolution
		HideSolutionNode = FALSE
	EndGlobalSection
	GlobalSection(ExtensibilityGlobals) = postSolution
		SolutionGuid = {443ACCE8-F4B0-44FE-AC69-38F8C120498C}
	EndGlobalSection
EndGlobal
